// !$*UTF8*$!
{
	archiveVersion = 1;
	classes = {
	};
	objectVersion = 55;
	objects = {

/* Begin PBXBuildFile section */
		842B01A92885D57700562597 /* AppDelegate.swift in Sources */ = {isa = PBXBuildFile; fileRef = 842B01A82885D57700562597 /* AppDelegate.swift */; };
		842B01AB2885D57700562597 /* SceneDelegate.swift in Sources */ = {isa = PBXBuildFile; fileRef = 842B01AA2885D57700562597 /* SceneDelegate.swift */; };
		842B01B02885D57700562597 /* Main.storyboard in Resources */ = {isa = PBXBuildFile; fileRef = 842B01AE2885D57700562597 /* Main.storyboard */; };
		842B01B22885D57900562597 /* Assets.xcassets in Resources */ = {isa = PBXBuildFile; fileRef = 842B01B12885D57900562597 /* Assets.xcassets */; };
		842B01B52885D57900562597 /* LaunchScreen.storyboard in Resources */ = {isa = PBXBuildFile; fileRef = 842B01B32885D57900562597 /* LaunchScreen.storyboard */; };
		842B01BD2885D69300562597 /* AppCoordinator.swift in Sources */ = {isa = PBXBuildFile; fileRef = 842B01BC2885D69300562597 /* AppCoordinator.swift */; };
		842B01BF2887179F00562597 /* EventListCoordinator.swift in Sources */ = {isa = PBXBuildFile; fileRef = 842B01BE2887179F00562597 /* EventListCoordinator.swift */; };
		842B01C12887182600562597 /* EventListViewController.swift in Sources */ = {isa = PBXBuildFile; fileRef = 842B01C02887182600562597 /* EventListViewController.swift */; };
		842B01C62887335A00562597 /* EventsApp.xcdatamodeld in Sources */ = {isa = PBXBuildFile; fileRef = 842B01C42887335A00562597 /* EventsApp.xcdatamodeld */; };
		842B01C8288734BF00562597 /* CoreDataManager.swift in Sources */ = {isa = PBXBuildFile; fileRef = 842B01C7288734BF00562597 /* CoreDataManager.swift */; };
		842B01CA2887576E00562597 /* EventListViewModel.swift in Sources */ = {isa = PBXBuildFile; fileRef = 842B01C92887576E00562597 /* EventListViewModel.swift */; };
		842B01CC28875A0C00562597 /* AddEventCoordinator.swift in Sources */ = {isa = PBXBuildFile; fileRef = 842B01CB28875A0C00562597 /* AddEventCoordinator.swift */; };
		842B01CE28875F1200562597 /* AddEventViewController.swift in Sources */ = {isa = PBXBuildFile; fileRef = 842B01CD28875F1100562597 /* AddEventViewController.swift */; };
		842B01D02887600000562597 /* UIViewController + Extensions.swift in Sources */ = {isa = PBXBuildFile; fileRef = 842B01CF2887600000562597 /* UIViewController + Extensions.swift */; };
		842B01D3288763B700562597 /* AddEventViewModel.swift in Sources */ = {isa = PBXBuildFile; fileRef = 842B01D2288763B700562597 /* AddEventViewModel.swift */; };
		842B01D6288821A000562597 /* TitleSubtitleCellViewModel.swift in Sources */ = {isa = PBXBuildFile; fileRef = 842B01D5288821A000562597 /* TitleSubtitleCellViewModel.swift */; };
		842B01D92888220000562597 /* TitleSubtitleCell.swift in Sources */ = {isa = PBXBuildFile; fileRef = 842B01D82888220000562597 /* TitleSubtitleCell.swift */; };
		842B01DB2888880600562597 /* ImagePickerCoordinator.swift in Sources */ = {isa = PBXBuildFile; fileRef = 842B01DA2888880600562597 /* ImagePickerCoordinator.swift */; };
/* End PBXBuildFile section */

/* Begin PBXFileReference section */
		842B01A52885D57700562597 /* Events.app */ = {isa = PBXFileReference; explicitFileType = wrapper.application; includeInIndex = 0; path = Events.app; sourceTree = BUILT_PRODUCTS_DIR; };
		842B01A82885D57700562597 /* AppDelegate.swift */ = {isa = PBXFileReference; lastKnownFileType = sourcecode.swift; path = AppDelegate.swift; sourceTree = "<group>"; };
		842B01AA2885D57700562597 /* SceneDelegate.swift */ = {isa = PBXFileReference; lastKnownFileType = sourcecode.swift; path = SceneDelegate.swift; sourceTree = "<group>"; };
		842B01AF2885D57700562597 /* Base */ = {isa = PBXFileReference; lastKnownFileType = file.storyboard; name = Base; path = Base.lproj/Main.storyboard; sourceTree = "<group>"; };
		842B01B12885D57900562597 /* Assets.xcassets */ = {isa = PBXFileReference; lastKnownFileType = folder.assetcatalog; path = Assets.xcassets; sourceTree = "<group>"; };
		842B01B42885D57900562597 /* Base */ = {isa = PBXFileReference; lastKnownFileType = file.storyboard; name = Base; path = Base.lproj/LaunchScreen.storyboard; sourceTree = "<group>"; };
		842B01B62885D57900562597 /* Info.plist */ = {isa = PBXFileReference; lastKnownFileType = text.plist.xml; path = Info.plist; sourceTree = "<group>"; };
		842B01BC2885D69300562597 /* AppCoordinator.swift */ = {isa = PBXFileReference; lastKnownFileType = sourcecode.swift; path = AppCoordinator.swift; sourceTree = "<group>"; };
		842B01BE2887179F00562597 /* EventListCoordinator.swift */ = {isa = PBXFileReference; lastKnownFileType = sourcecode.swift; path = EventListCoordinator.swift; sourceTree = "<group>"; };
		842B01C02887182600562597 /* EventListViewController.swift */ = {isa = PBXFileReference; lastKnownFileType = sourcecode.swift; path = EventListViewController.swift; sourceTree = "<group>"; };
		842B01C52887335A00562597 /* EventsApp.xcdatamodel */ = {isa = PBXFileReference; lastKnownFileType = wrapper.xcdatamodel; path = EventsApp.xcdatamodel; sourceTree = "<group>"; };
		842B01C7288734BF00562597 /* CoreDataManager.swift */ = {isa = PBXFileReference; lastKnownFileType = sourcecode.swift; path = CoreDataManager.swift; sourceTree = "<group>"; };
		842B01C92887576E00562597 /* EventListViewModel.swift */ = {isa = PBXFileReference; lastKnownFileType = sourcecode.swift; path = EventListViewModel.swift; sourceTree = "<group>"; };
		842B01CB28875A0C00562597 /* AddEventCoordinator.swift */ = {isa = PBXFileReference; lastKnownFileType = sourcecode.swift; path = AddEventCoordinator.swift; sourceTree = "<group>"; };
		842B01CD28875F1100562597 /* AddEventViewController.swift */ = {isa = PBXFileReference; lastKnownFileType = sourcecode.swift; path = AddEventViewController.swift; sourceTree = "<group>"; };
		842B01CF2887600000562597 /* UIViewController + Extensions.swift */ = {isa = PBXFileReference; lastKnownFileType = sourcecode.swift; path = "UIViewController + Extensions.swift"; sourceTree = "<group>"; };
		842B01D2288763B700562597 /* AddEventViewModel.swift */ = {isa = PBXFileReference; lastKnownFileType = sourcecode.swift; path = AddEventViewModel.swift; sourceTree = "<group>"; };
		842B01D5288821A000562597 /* TitleSubtitleCellViewModel.swift */ = {isa = PBXFileReference; lastKnownFileType = sourcecode.swift; path = TitleSubtitleCellViewModel.swift; sourceTree = "<group>"; };
		842B01D82888220000562597 /* TitleSubtitleCell.swift */ = {isa = PBXFileReference; lastKnownFileType = sourcecode.swift; path = TitleSubtitleCell.swift; sourceTree = "<group>"; };
		842B01DA2888880600562597 /* ImagePickerCoordinator.swift */ = {isa = PBXFileReference; lastKnownFileType = sourcecode.swift; path = ImagePickerCoordinator.swift; sourceTree = "<group>"; };
/* End PBXFileReference section */

/* Begin PBXFrameworksBuildPhase section */
		842B01A22885D57700562597 /* Frameworks */ = {
			isa = PBXFrameworksBuildPhase;
			buildActionMask = 2147483647;
			files = (
			);
			runOnlyForDeploymentPostprocessing = 0;
		};
/* End PBXFrameworksBuildPhase section */

/* Begin PBXGroup section */
		842B019C2885D57700562597 = {
			isa = PBXGroup;
			children = (
				842B01A72885D57700562597 /* Events */,
				842B01A62885D57700562597 /* Products */,
			);
			sourceTree = "<group>";
		};
		842B01A62885D57700562597 /* Products */ = {
			isa = PBXGroup;
			children = (
				842B01A52885D57700562597 /* Events.app */,
			);
			name = Products;
			sourceTree = "<group>";
		};
		842B01A72885D57700562597 /* Events */ = {
			isa = PBXGroup;
			children = (
				842B01A82885D57700562597 /* AppDelegate.swift */,
				842B01AA2885D57700562597 /* SceneDelegate.swift */,
				842B01C7288734BF00562597 /* CoreDataManager.swift */,
				842B01D12887601600562597 /* Extensions */,
				842B01D7288821EA00562597 /* Views */,
				842B01D428876EE500562597 /* ViewModels */,
				842B01C32887331700562597 /* Controllers */,
				842B01C2288732FD00562597 /* Coordinators */,
				842B01AE2885D57700562597 /* Main.storyboard */,
				842B01B12885D57900562597 /* Assets.xcassets */,
				842B01B32885D57900562597 /* LaunchScreen.storyboard */,
				842B01B62885D57900562597 /* Info.plist */,
				842B01C42887335A00562597 /* EventsApp.xcdatamodeld */,
			);
			path = Events;
			sourceTree = "<group>";
		};
		842B01C2288732FD00562597 /* Coordinators */ = {
			isa = PBXGroup;
			children = (
				842B01BC2885D69300562597 /* AppCoordinator.swift */,
				842B01BE2887179F00562597 /* EventListCoordinator.swift */,
				842B01CB28875A0C00562597 /* AddEventCoordinator.swift */,
				842B01DA2888880600562597 /* ImagePickerCoordinator.swift */,
			);
			path = Coordinators;
			sourceTree = "<group>";
		};
		842B01C32887331700562597 /* Controllers */ = {
			isa = PBXGroup;
			children = (
				842B01C02887182600562597 /* EventListViewController.swift */,
				842B01CD28875F1100562597 /* AddEventViewController.swift */,
			);
			path = Controllers;
			sourceTree = "<group>";
		};
		842B01D12887601600562597 /* Extensions */ = {
			isa = PBXGroup;
			children = (
				842B01CF2887600000562597 /* UIViewController + Extensions.swift */,
			);
			path = Extensions;
			sourceTree = "<group>";
		};
		842B01D428876EE500562597 /* ViewModels */ = {
			isa = PBXGroup;
			children = (
				842B01C92887576E00562597 /* EventListViewModel.swift */,
				842B01D2288763B700562597 /* AddEventViewModel.swift */,
				842B01D5288821A000562597 /* TitleSubtitleCellViewModel.swift */,
			);
			path = ViewModels;
			sourceTree = "<group>";
		};
		842B01D7288821EA00562597 /* Views */ = {
			isa = PBXGroup;
			children = (
				842B01D82888220000562597 /* TitleSubtitleCell.swift */,
			);
			path = Views;
			sourceTree = "<group>";
		};
/* End PBXGroup section */

/* Begin PBXNativeTarget section */
		842B01A42885D57700562597 /* Events */ = {
			isa = PBXNativeTarget;
			buildConfigurationList = 842B01B92885D57900562597 /* Build configuration list for PBXNativeTarget "Events" */;
			buildPhases = (
				842B01A12885D57700562597 /* Sources */,
				842B01A22885D57700562597 /* Frameworks */,
				842B01A32885D57700562597 /* Resources */,
			);
			buildRules = (
			);
			dependencies = (
			);
			name = Events;
			productName = Events;
			productReference = 842B01A52885D57700562597 /* Events.app */;
			productType = "com.apple.product-type.application";
		};
/* End PBXNativeTarget section */

/* Begin PBXProject section */
		842B019D2885D57700562597 /* Project object */ = {
			isa = PBXProject;
			attributes = {
				BuildIndependentTargetsInParallel = 1;
				LastSwiftUpdateCheck = 1340;
				LastUpgradeCheck = 1340;
				TargetAttributes = {
					842B01A42885D57700562597 = {
						CreatedOnToolsVersion = 13.4;
					};
				};
			};
			buildConfigurationList = 842B01A02885D57700562597 /* Build configuration list for PBXProject "Events" */;
			compatibilityVersion = "Xcode 13.0";
			developmentRegion = en;
			hasScannedForEncodings = 0;
			knownRegions = (
				en,
				Base,
			);
			mainGroup = 842B019C2885D57700562597;
			productRefGroup = 842B01A62885D57700562597 /* Products */;
			projectDirPath = "";
			projectRoot = "";
			targets = (
				842B01A42885D57700562597 /* Events */,
			);
		};
/* End PBXProject section */

/* Begin PBXResourcesBuildPhase section */
		842B01A32885D57700562597 /* Resources */ = {
			isa = PBXResourcesBuildPhase;
			buildActionMask = 2147483647;
			files = (
				842B01B52885D57900562597 /* LaunchScreen.storyboard in Resources */,
				842B01B22885D57900562597 /* Assets.xcassets in Resources */,
				842B01B02885D57700562597 /* Main.storyboard in Resources */,
			);
			runOnlyForDeploymentPostprocessing = 0;
		};
/* End PBXResourcesBuildPhase section */

/* Begin PBXSourcesBuildPhase section */
		842B01A12885D57700562597 /* Sources */ = {
			isa = PBXSourcesBuildPhase;
			buildActionMask = 2147483647;
			files = (
				842B01D92888220000562597 /* TitleSubtitleCell.swift in Sources */,
				842B01BD2885D69300562597 /* AppCoordinator.swift in Sources */,
				842B01CE28875F1200562597 /* AddEventViewController.swift in Sources */,
				842B01C12887182600562597 /* EventListViewController.swift in Sources */,
				842B01CC28875A0C00562597 /* AddEventCoordinator.swift in Sources */,
				842B01A92885D57700562597 /* AppDelegate.swift in Sources */,
				842B01D3288763B700562597 /* AddEventViewModel.swift in Sources */,
				842B01AB2885D57700562597 /* SceneDelegate.swift in Sources */,
				842B01C62887335A00562597 /* EventsApp.xcdatamodeld in Sources */,
				842B01D02887600000562597 /* UIViewController + Extensions.swift in Sources */,
				842B01CA2887576E00562597 /* EventListViewModel.swift in Sources */,
				842B01C8288734BF00562597 /* CoreDataManager.swift in Sources */,
				842B01BF2887179F00562597 /* EventListCoordinator.swift in Sources */,
				842B01D6288821A000562597 /* TitleSubtitleCellViewModel.swift in Sources */,
				842B01DB2888880600562597 /* ImagePickerCoordinator.swift in Sources */,
			);
			runOnlyForDeploymentPostprocessing = 0;
		};
/* End PBXSourcesBuildPhase section */

/* Begin PBXVariantGroup section */
		842B01AE2885D57700562597 /* Main.storyboard */ = {
			isa = PBXVariantGroup;
			children = (
				842B01AF2885D57700562597 /* Base */,
			);
			name = Main.storyboard;
			sourceTree = "<group>";
		};
		842B01B32885D57900562597 /* LaunchScreen.storyboard */ = {
			isa = PBXVariantGroup;
			children = (
				842B01B42885D57900562597 /* Base */,
			);
			name = LaunchScreen.storyboard;
			sourceTree = "<group>";
		};
/* End PBXVariantGroup section */

/* Begin XCBuildConfiguration section */
		842B01B72885D57900562597 /* Debug */ = {
			isa = XCBuildConfiguration;
			buildSettings = {
				ALWAYS_SEARCH_USER_PATHS = NO;
				CLANG_ANALYZER_NONNULL = YES;
				CLANG_ANALYZER_NUMBER_OBJECT_CONVERSION = YES_AGGRESSIVE;
				CLANG_CXX_LANGUAGE_STANDARD = "gnu++17";
				CLANG_ENABLE_MODULES = YES;
				CLANG_ENABLE_OBJC_ARC = YES;
				CLANG_ENABLE_OBJC_WEAK = YES;
				CLANG_WARN_BLOCK_CAPTURE_AUTORELEASING = YES;
				CLANG_WARN_BOOL_CONVERSION = YES;
				CLANG_WARN_COMMA = YES;
				CLANG_WARN_CONSTANT_CONVERSION = YES;
				CLANG_WARN_DEPRECATED_OBJC_IMPLEMENTATIONS = YES;
				CLANG_WARN_DIRECT_OBJC_ISA_USAGE = YES_ERROR;
				CLANG_WARN_DOCUMENTATION_COMMENTS = YES;
				CLANG_WARN_EMPTY_BODY = YES;
				CLANG_WARN_ENUM_CONVERSION = YES;
				CLANG_WARN_INFINITE_RECURSION = YES;
				CLANG_WARN_INT_CONVERSION = YES;
				CLANG_WARN_NON_LITERAL_NULL_CONVERSION = YES;
				CLANG_WARN_OBJC_IMPLICIT_RETAIN_SELF = YES;
				CLANG_WARN_OBJC_LITERAL_CONVERSION = YES;
				CLANG_WARN_OBJC_ROOT_CLASS = YES_ERROR;
				CLANG_WARN_QUOTED_INCLUDE_IN_FRAMEWORK_HEADER = YES;
				CLANG_WARN_RANGE_LOOP_ANALYSIS = YES;
				CLANG_WARN_STRICT_PROTOTYPES = YES;
				CLANG_WARN_SUSPICIOUS_MOVE = YES;
				CLANG_WARN_UNGUARDED_AVAILABILITY = YES_AGGRESSIVE;
				CLANG_WARN_UNREACHABLE_CODE = YES;
				CLANG_WARN__DUPLICATE_METHOD_MATCH = YES;
				COPY_PHASE_STRIP = NO;
				DEBUG_INFORMATION_FORMAT = dwarf;
				ENABLE_STRICT_OBJC_MSGSEND = YES;
				ENABLE_TESTABILITY = YES;
				GCC_C_LANGUAGE_STANDARD = gnu11;
				GCC_DYNAMIC_NO_PIC = NO;
				GCC_NO_COMMON_BLOCKS = YES;
				GCC_OPTIMIZATION_LEVEL = 0;
				GCC_PREPROCESSOR_DEFINITIONS = (
					"DEBUG=1",
					"$(inherited)",
				);
				GCC_WARN_64_TO_32_BIT_CONVERSION = YES;
				GCC_WARN_ABOUT_RETURN_TYPE = YES_ERROR;
				GCC_WARN_UNDECLARED_SELECTOR = YES;
				GCC_WARN_UNINITIALIZED_AUTOS = YES_AGGRESSIVE;
				GCC_WARN_UNUSED_FUNCTION = YES;
				GCC_WARN_UNUSED_VARIABLE = YES;
				IPHONEOS_DEPLOYMENT_TARGET = 15.5;
				MTL_ENABLE_DEBUG_INFO = INCLUDE_SOURCE;
				MTL_FAST_MATH = YES;
				ONLY_ACTIVE_ARCH = YES;
				SDKROOT = iphoneos;
				SWIFT_ACTIVE_COMPILATION_CONDITIONS = DEBUG;
				SWIFT_OPTIMIZATION_LEVEL = "-Onone";
			};
			name = Debug;
		};
		842B01B82885D57900562597 /* Release */ = {
			isa = XCBuildConfiguration;
			buildSettings = {
				ALWAYS_SEARCH_USER_PATHS = NO;
				CLANG_ANALYZER_NONNULL = YES;
				CLANG_ANALYZER_NUMBER_OBJECT_CONVERSION = YES_AGGRESSIVE;
				CLANG_CXX_LANGUAGE_STANDARD = "gnu++17";
				CLANG_ENABLE_MODULES = YES;
				CLANG_ENABLE_OBJC_ARC = YES;
				CLANG_ENABLE_OBJC_WEAK = YES;
				CLANG_WARN_BLOCK_CAPTURE_AUTORELEASING = YES;
				CLANG_WARN_BOOL_CONVERSION = YES;
				CLANG_WARN_COMMA = YES;
				CLANG_WARN_CONSTANT_CONVERSION = YES;
				CLANG_WARN_DEPRECATED_OBJC_IMPLEMENTATIONS = YES;
				CLANG_WARN_DIRECT_OBJC_ISA_USAGE = YES_ERROR;
				CLANG_WARN_DOCUMENTATION_COMMENTS = YES;
				CLANG_WARN_EMPTY_BODY = YES;
				CLANG_WARN_ENUM_CONVERSION = YES;
				CLANG_WARN_INFINITE_RECURSION = YES;
				CLANG_WARN_INT_CONVERSION = YES;
				CLANG_WARN_NON_LITERAL_NULL_CONVERSION = YES;
				CLANG_WARN_OBJC_IMPLICIT_RETAIN_SELF = YES;
				CLANG_WARN_OBJC_LITERAL_CONVERSION = YES;
				CLANG_WARN_OBJC_ROOT_CLASS = YES_ERROR;
				CLANG_WARN_QUOTED_INCLUDE_IN_FRAMEWORK_HEADER = YES;
				CLANG_WARN_RANGE_LOOP_ANALYSIS = YES;
				CLANG_WARN_STRICT_PROTOTYPES = YES;
				CLANG_WARN_SUSPICIOUS_MOVE = YES;
				CLANG_WARN_UNGUARDED_AVAILABILITY = YES_AGGRESSIVE;
				CLANG_WARN_UNREACHABLE_CODE = YES;
				CLANG_WARN__DUPLICATE_METHOD_MATCH = YES;
				COPY_PHASE_STRIP = NO;
				DEBUG_INFORMATION_FORMAT = "dwarf-with-dsym";
				ENABLE_NS_ASSERTIONS = NO;
				ENABLE_STRICT_OBJC_MSGSEND = YES;
				GCC_C_LANGUAGE_STANDARD = gnu11;
				GCC_NO_COMMON_BLOCKS = YES;
				GCC_WARN_64_TO_32_BIT_CONVERSION = YES;
				GCC_WARN_ABOUT_RETURN_TYPE = YES_ERROR;
				GCC_WARN_UNDECLARED_SELECTOR = YES;
				GCC_WARN_UNINITIALIZED_AUTOS = YES_AGGRESSIVE;
				GCC_WARN_UNUSED_FUNCTION = YES;
				GCC_WARN_UNUSED_VARIABLE = YES;
				IPHONEOS_DEPLOYMENT_TARGET = 15.5;
				MTL_ENABLE_DEBUG_INFO = NO;
				MTL_FAST_MATH = YES;
				SDKROOT = iphoneos;
				SWIFT_COMPILATION_MODE = wholemodule;
				SWIFT_OPTIMIZATION_LEVEL = "-O";
				VALIDATE_PRODUCT = YES;
			};
			name = Release;
		};
		842B01BA2885D57900562597 /* Debug */ = {
			isa = XCBuildConfiguration;
			buildSettings = {
				ASSETCATALOG_COMPILER_APPICON_NAME = AppIcon;
				ASSETCATALOG_COMPILER_GLOBAL_ACCENT_COLOR_NAME = AccentColor;
				CODE_SIGN_STYLE = Automatic;
				CURRENT_PROJECT_VERSION = 1;
				DEVELOPMENT_TEAM = 9Y94J8V38R;
				GENERATE_INFOPLIST_FILE = YES;
				INFOPLIST_FILE = Events/Info.plist;
				INFOPLIST_KEY_UIApplicationSupportsIndirectInputEvents = YES;
				INFOPLIST_KEY_UILaunchStoryboardName = LaunchScreen;
				INFOPLIST_KEY_UIMainStoryboardFile = Main;
				INFOPLIST_KEY_UISupportedInterfaceOrientations_iPad = "UIInterfaceOrientationPortrait UIInterfaceOrientationPortraitUpsideDown UIInterfaceOrientationLandscapeLeft UIInterfaceOrientationLandscapeRight";
				INFOPLIST_KEY_UISupportedInterfaceOrientations_iPhone = "UIInterfaceOrientationPortrait UIInterfaceOrientationLandscapeLeft UIInterfaceOrientationLandscapeRight";
				LD_RUNPATH_SEARCH_PATHS = (
					"$(inherited)",
					"@executable_path/Frameworks",
				);
				MARKETING_VERSION = 1.0;
				PRODUCT_BUNDLE_IDENTIFIER = com.AlelsandrVorobey.Events;
				PRODUCT_NAME = "$(TARGET_NAME)";
				SWIFT_EMIT_LOC_STRINGS = YES;
				SWIFT_VERSION = 5.0;
				TARGETED_DEVICE_FAMILY = "1,2";
			};
			name = Debug;
		};
		842B01BB2885D57900562597 /* Release */ = {
			isa = XCBuildConfiguration;
			buildSettings = {
				ASSETCATALOG_COMPILER_APPICON_NAME = AppIcon;
				ASSETCATALOG_COMPILER_GLOBAL_ACCENT_COLOR_NAME = AccentColor;
				CODE_SIGN_STYLE = Automatic;
				CURRENT_PROJECT_VERSION = 1;
				DEVELOPMENT_TEAM = 9Y94J8V38R;
				GENERATE_INFOPLIST_FILE = YES;
				INFOPLIST_FILE = Events/Info.plist;
				INFOPLIST_KEY_UIApplicationSupportsIndirectInputEvents = YES;
				INFOPLIST_KEY_UILaunchStoryboardName = LaunchScreen;
				INFOPLIST_KEY_UIMainStoryboardFile = Main;
				INFOPLIST_KEY_UISupportedInterfaceOrientations_iPad = "UIInterfaceOrientationPortrait UIInterfaceOrientationPortraitUpsideDown UIInterfaceOrientationLandscapeLeft UIInterfaceOrientationLandscapeRight";
				INFOPLIST_KEY_UISupportedInterfaceOrientations_iPhone = "UIInterfaceOrientationPortrait UIInterfaceOrientationLandscapeLeft UIInterfaceOrientationLandscapeRight";
				LD_RUNPATH_SEARCH_PATHS = (
					"$(inherited)",
					"@executable_path/Frameworks",
				);
				MARKETING_VERSION = 1.0;
				PRODUCT_BUNDLE_IDENTIFIER = com.AlelsandrVorobey.Events;
				PRODUCT_NAME = "$(TARGET_NAME)";
				SWIFT_EMIT_LOC_STRINGS = YES;
				SWIFT_VERSION = 5.0;
				TARGETED_DEVICE_FAMILY = "1,2";
			};
			name = Release;
		};
/* End XCBuildConfiguration section */

/* Begin XCConfigurationList section */
		842B01A02885D57700562597 /* Build configuration list for PBXProject "Events" */ = {
			isa = XCConfigurationList;
			buildConfigurations = (
				842B01B72885D57900562597 /* Debug */,
				842B01B82885D57900562597 /* Release */,
			);
			defaultConfigurationIsVisible = 0;
			defaultConfigurationName = Release;
		};
		842B01B92885D57900562597 /* Build configuration list for PBXNativeTarget "Events" */ = {
			isa = XCConfigurationList;
			buildConfigurations = (
				842B01BA2885D57900562597 /* Debug */,
				842B01BB2885D57900562597 /* Release */,
			);
			defaultConfigurationIsVisible = 0;
			defaultConfigurationName = Release;
		};
/* End XCConfigurationList section */

/* Begin XCVersionGroup section */
		842B01C42887335A00562597 /* EventsApp.xcdatamodeld */ = {
			isa = XCVersionGroup;
			children = (
				842B01C52887335A00562597 /* EventsApp.xcdatamodel */,
			);
			currentVersion = 842B01C52887335A00562597 /* EventsApp.xcdatamodel */;
			path = EventsApp.xcdatamodeld;
			sourceTree = "<group>";
			versionGroupType = wrapper.xcdatamodel;
		};
/* End XCVersionGroup section */
	};
	rootObject = 842B019D2885D57700562597 /* Project object */;
}
